
Microsoft Visual Studio Solution File, Format Version 12.00
# Visual Studio Version 17
VisualStudioVersion = 17.14.36811.4
MinimumVisualStudioVersion = 10.0.40219.1
Project("{FAE04EC0-301F-11D3-BF4B-00C04F79EFBC}") = "CollegePortal.UI", "..\CollegePortal.UI\CollegePortal.UI.csproj", "{C27664BF-D86B-5DDD-7720-05B9F97D12E4}"
EndProject
Project("{FAE04EC0-301F-11D3-BF4B-00C04F79EFBC}") = "CollegeAPI", "..\EmployeeAPI\EmployeeAPI\CollegeAPI.csproj", "{8A72F614-6B41-6491-6711-7BD2DB72414C}"
EndProject
Global
	GlobalSection(SolutionConfigurationPlatforms) = preSolution
		Debug|Any CPU = Debug|Any CPU
		Release|Any CPU = Release|Any CPU
	EndGlobalSection
	GlobalSection(ProjectConfigurationPlatforms) = postSolution
		{C27664BF-D86B-5DDD-7720-05B9F97D12E4}.Debug|Any CPU.ActiveCfg = Debug|Any CPU
		{C27664BF-D86B-5DDD-7720-05B9F97D12E4}.Debug|Any CPU.Build.0 = Debug|Any CPU
		{C27664BF-D86B-5DDD-7720-05B9F97D12E4}.Release|Any CPU.ActiveCfg = Release|Any CPU
		{C27664BF-D86B-5DDD-7720-05B9F97D12E4}.Release|Any CPU.Build.0 = Release|Any CPU
		{8A72F614-6B41-6491-6711-7BD2DB72414C}.Debug|Any CPU.ActiveCfg = Debug|Any CPU
		{8A72F614-6B41-6491-6711-7BD2DB72414C}.Debug|Any CPU.Build.0 = Debug|Any CPU
		{8A72F614-6B41-6491-6711-7BD2DB72414C}.Release|Any CPU.ActiveCfg = Release|Any CPU
		{8A72F614-6B41-6491-6711-7BD2DB72414C}.Release|Any CPU.Build.0 = Release|Any CPU
	EndGlobalSection
	GlobalSection(SolutionProperties) = preSolution
		HideSolutionNode = FALSE
	EndGlobalSection
	GlobalSection(ExtensibilityGlobals) = postSolution
		SolutionGuid = {5C56739C-2F82-43EC-AB05-B4988840F12C}
	EndGlobalSection
EndGlobal
